
Microsoft Visual Studio Solution File, Format Version 12.00
# Visual Studio Version 17
VisualStudioVersion = 17.5.33424.131
MinimumVisualStudioVersion = 10.0.40219.1
Project("{FAE04EC0-301F-11D3-BF4B-00C04F79EFBC}") = "Core", "Core.csproj", "{76301054-139B-448B-9DE8-6B8CAA4CC2A4}"
EndProject
Project("{FAE04EC0-301F-11D3-BF4B-00C04F79EFBC}") = "DatabaseManager", "..\DatabaseManager\DatabaseManager.csproj", "{CD7E09BF-657A-4789-8B0F-A2073481F9F8}"
	ProjectSection(ProjectDependencies) = postProject
		{76301054-139B-448B-9DE8-6B8CAA4CC2A4} = {76301054-139B-448B-9DE8-6B8CAA4CC2A4}
	EndProjectSection
EndProject
Project("{FAE04EC0-301F-11D3-BF4B-00C04F79EFBC}") = "Trending", "..\Trending\Trending.csproj", "{49E3478E-8777-4493-AA44-3BA541924741}"
EndProject
Project("{FAE04EC0-301F-11D3-BF4B-00C04F79EFBC}") = "ReportManager", "..\ReportManager\ReportManager.csproj", "{EA0D3108-F30A-45D5-B990-69DCAED52305}"
EndProject
Project("{FAE04EC0-301F-11D3-BF4B-00C04F79EFBC}") = "AlarmDisplay", "..\AlarmDisplay\AlarmDisplay.csproj", "{72685C31-6B21-43E5-8DC7-3035C952B053}"
EndProject
Project("{FAE04EC0-301F-11D3-BF4B-00C04F79EFBC}") = "RealTimeUnit", "..\RealTimeUnit\RealTimeUnit.csproj", "{7AC2A911-623C-4F27-B17A-BE9A7580B502}"
EndProject
Global
	GlobalSection(SolutionConfigurationPlatforms) = preSolution
		Debug|Any CPU = Debug|Any CPU
		Release|Any CPU = Release|Any CPU
	EndGlobalSection
	GlobalSection(ProjectConfigurationPlatforms) = postSolution
		{76301054-139B-448B-9DE8-6B8CAA4CC2A4}.Debug|Any CPU.ActiveCfg = Debug|Any CPU
		{76301054-139B-448B-9DE8-6B8CAA4CC2A4}.Debug|Any CPU.Build.0 = Debug|Any CPU
		{76301054-139B-448B-9DE8-6B8CAA4CC2A4}.Release|Any CPU.ActiveCfg = Release|Any CPU
		{76301054-139B-448B-9DE8-6B8CAA4CC2A4}.Release|Any CPU.Build.0 = Release|Any CPU
		{CD7E09BF-657A-4789-8B0F-A2073481F9F8}.Debug|Any CPU.ActiveCfg = Debug|Any CPU
		{CD7E09BF-657A-4789-8B0F-A2073481F9F8}.Debug|Any CPU.Build.0 = Debug|Any CPU
		{CD7E09BF-657A-4789-8B0F-A2073481F9F8}.Release|Any CPU.ActiveCfg = Release|Any CPU
		{CD7E09BF-657A-4789-8B0F-A2073481F9F8}.Release|Any CPU.Build.0 = Release|Any CPU
		{49E3478E-8777-4493-AA44-3BA541924741}.Debug|Any CPU.ActiveCfg = Debug|Any CPU
		{49E3478E-8777-4493-AA44-3BA541924741}.Debug|Any CPU.Build.0 = Debug|Any CPU
		{49E3478E-8777-4493-AA44-3BA541924741}.Release|Any CPU.ActiveCfg = Release|Any CPU
		{49E3478E-8777-4493-AA44-3BA541924741}.Release|Any CPU.Build.0 = Release|Any CPU
		{EA0D3108-F30A-45D5-B990-69DCAED52305}.Debug|Any CPU.ActiveCfg = Debug|Any CPU
		{EA0D3108-F30A-45D5-B990-69DCAED52305}.Debug|Any CPU.Build.0 = Debug|Any CPU
		{EA0D3108-F30A-45D5-B990-69DCAED52305}.Release|Any CPU.ActiveCfg = Release|Any CPU
		{EA0D3108-F30A-45D5-B990-69DCAED52305}.Release|Any CPU.Build.0 = Release|Any CPU
		{72685C31-6B21-43E5-8DC7-3035C952B053}.Debug|Any CPU.ActiveCfg = Debug|Any CPU
		{72685C31-6B21-43E5-8DC7-3035C952B053}.Debug|Any CPU.Build.0 = Debug|Any CPU
		{72685C31-6B21-43E5-8DC7-3035C952B053}.Release|Any CPU.ActiveCfg = Release|Any CPU
		{72685C31-6B21-43E5-8DC7-3035C952B053}.Release|Any CPU.Build.0 = Release|Any CPU
		{7AC2A911-623C-4F27-B17A-BE9A7580B502}.Debug|Any CPU.ActiveCfg = Debug|Any CPU
		{7AC2A911-623C-4F27-B17A-BE9A7580B502}.Debug|Any CPU.Build.0 = Debug|Any CPU
		{7AC2A911-623C-4F27-B17A-BE9A7580B502}.Release|Any CPU.ActiveCfg = Release|Any CPU
		{7AC2A911-623C-4F27-B17A-BE9A7580B502}.Release|Any CPU.Build.0 = Release|Any CPU
	EndGlobalSection
	GlobalSection(SolutionProperties) = preSolution
		HideSolutionNode = FALSE
	EndGlobalSection
	GlobalSection(ExtensibilityGlobals) = postSolution
		SolutionGuid = {50DB425C-23D6-4232-B3CF-66C1F3935F7F}
	EndGlobalSection
EndGlobal
